schema: '2.0'
stages:
  download:
    cmd: .venv/bin/python scripts/download.py
    deps:
    - path: scripts/download.py
      hash: md5
      md5: 64c7cd160b391c17d105361eb9116a11
      size: 4853
    outs:
    - path: download/
      hash: md5
      md5: 34a35d5a30ca47baffc747ae57e29138.dir
      size: 22533737491
      nfiles: 1576
  process:
    cmd: .venv/bin/python scripts/process.py
    deps:
    - path: download/
      hash: md5
      md5: 34a35d5a30ca47baffc747ae57e29138.dir
      size: 22533737491
      nfiles: 1576
    - path: scripts/process.py
      hash: md5
      md5: 2df3629de8d8ba075b8275a85e7c104e
      size: 2655
    outs:
    - path: brick/
      hash: md5
      md5: 73f6a6456b7ed82d92c2c935581a4853.dir
      size: 2544949493
      nfiles: 1576
